
Microsoft Visual Studio Solution File, Format Version 12.00
# Visual Studio Version 17
VisualStudioVersion = 17.5.002.0
MinimumVisualStudioVersion = 10.0.40219.1
Project("{9A19103F-16F7-4668-BE54-9A1E7A4F7556}") = "users.webAPI", "users.webAPI.csproj", "{868055C0-D264-4E25-B2B2-3195EEBD4AB9}"
EndProject
Global
	GlobalSection(SolutionConfigurationPlatforms) = preSolution
		Debug|Any CPU = Debug|Any CPU
		Release|Any CPU = Release|Any CPU
	EndGlobalSection
	GlobalSection(ProjectConfigurationPlatforms) = postSolution
		{868055C0-D264-4E25-B2B2-3195EEBD4AB9}.Debug|Any CPU.ActiveCfg = Debug|Any CPU
		{868055C0-D264-4E25-B2B2-3195EEBD4AB9}.Debug|Any CPU.Build.0 = Debug|Any CPU
		{868055C0-D264-4E25-B2B2-3195EEBD4AB9}.Release|Any CPU.ActiveCfg = Release|Any CPU
		{868055C0-D264-4E25-B2B2-3195EEBD4AB9}.Release|Any CPU.Build.0 = Release|Any CPU
	EndGlobalSection
	GlobalSection(SolutionProperties) = preSolution
		HideSolutionNode = FALSE
	EndGlobalSection
	GlobalSection(ExtensibilityGlobals) = postSolution
		SolutionGuid = {028EEDC1-96D7-4D0B-9551-8539E96A67D6}
	EndGlobalSection
EndGlobal
